// !$*UTF8*$!
{
	archiveVersion = 1;
	classes = {
	};
	objectVersion = 46;
	objects = {

/* Begin PBXBuildFile section */
		040F82581C205C4A00AFD3E2 /* NormalViewController.swift in Sources */ = {isa = PBXBuildFile; fileRef = 040F82571C205C4A00AFD3E2 /* NormalViewController.swift */; };
		0425F1AE1C367E4700BE5866 /* PostCell.swift in Sources */ = {isa = PBXBuildFile; fileRef = 0425F1AD1C367E4700BE5866 /* PostCell.swift */; };
		04BD91C01C202AC30082EF87 /* AppDelegate.swift in Sources */ = {isa = PBXBuildFile; fileRef = 04BD91BF1C202AC30082EF87 /* AppDelegate.swift */; };
		04BD91C21C202AC30082EF87 /* ViewController.swift in Sources */ = {isa = PBXBuildFile; fileRef = 04BD91C11C202AC30082EF87 /* ViewController.swift */; };
		04BD91C51C202AC30082EF87 /* Main.storyboard in Resources */ = {isa = PBXBuildFile; fileRef = 04BD91C31C202AC30082EF87 /* Main.storyboard */; };
		04BD91C71C202AC30082EF87 /* Assets.xcassets in Resources */ = {isa = PBXBuildFile; fileRef = 04BD91C61C202AC30082EF87 /* Assets.xcassets */; };
		04BD91CA1C202AC30082EF87 /* LaunchScreen.storyboard in Resources */ = {isa = PBXBuildFile; fileRef = 04BD91C81C202AC30082EF87 /* LaunchScreen.storyboard */; };
/* End PBXBuildFile section */

/* Begin PBXFileReference section */
		040F82571C205C4A00AFD3E2 /* NormalViewController.swift */ = {isa = PBXFileReference; fileEncoding = 4; lastKnownFileType = sourcecode.swift; path = NormalViewController.swift; sourceTree = "<group>"; };
		0425F1AD1C367E4700BE5866 /* PostCell.swift */ = {isa = PBXFileReference; fileEncoding = 4; lastKnownFileType = sourcecode.swift; name = PostCell.swift; path = Cells/PostCell.swift; sourceTree = "<group>"; };
		04BD91BC1C202AC30082EF87 /* TableViewFun.app */ = {isa = PBXFileReference; explicitFileType = wrapper.application; includeInIndex = 0; path = TableViewFun.app; sourceTree = BUILT_PRODUCTS_DIR; };
		04BD91BF1C202AC30082EF87 /* AppDelegate.swift */ = {isa = PBXFileReference; lastKnownFileType = sourcecode.swift; path = AppDelegate.swift; sourceTree = "<group>"; };
		04BD91C11C202AC30082EF87 /* ViewController.swift */ = {isa = PBXFileReference; lastKnownFileType = sourcecode.swift; path = ViewController.swift; sourceTree = "<group>"; };
		04BD91C41C202AC30082EF87 /* Base */ = {isa = PBXFileReference; lastKnownFileType = file.storyboard; name = Base; path = Base.lproj/Main.storyboard; sourceTree = "<group>"; };
		04BD91C61C202AC30082EF87 /* Assets.xcassets */ = {isa = PBXFileReference; lastKnownFileType = folder.assetcatalog; path = Assets.xcassets; sourceTree = "<group>"; };
		04BD91C91C202AC30082EF87 /* Base */ = {isa = PBXFileReference; lastKnownFileType = file.storyboard; name = Base; path = Base.lproj/LaunchScreen.storyboard; sourceTree = "<group>"; };
		04BD91CB1C202AC30082EF87 /* Info.plist */ = {isa = PBXFileReference; lastKnownFileType = text.plist.xml; path = Info.plist; sourceTree = "<group>"; };
/* End PBXFileReference section */

/* Begin PBXFrameworksBuildPhase section */
		04BD91B91C202AC30082EF87 /* Frameworks */ = {
			isa = PBXFrameworksBuildPhase;
			buildActionMask = 2147483647;
			files = (
			);
			runOnlyForDeploymentPostprocessing = 0;
		};
/* End PBXFrameworksBuildPhase section */

/* Begin PBXGroup section */
		0425F1AF1C367E5C00BE5866 /* Cells */ = {
			isa = PBXGroup;
			children = (
				0425F1AD1C367E4700BE5866 /* PostCell.swift */,
			);
			name = Cells;
			sourceTree = "<group>";
		};
		04BD91B31C202AC30082EF87 = {
			isa = PBXGroup;
			children = (
				04BD91BE1C202AC30082EF87 /* TableViewFun */,
				04BD91BD1C202AC30082EF87 /* Products */,
			);
			sourceTree = "<group>";
		};
		04BD91BD1C202AC30082EF87 /* Products */ = {
			isa = PBXGroup;
			children = (
				04BD91BC1C202AC30082EF87 /* TableViewFun.app */,
			);
			name = Products;
			sourceTree = "<group>";
		};
		04BD91BE1C202AC30082EF87 /* TableViewFun */ = {
			isa = PBXGroup;
			children = (
				04BD91BF1C202AC30082EF87 /* AppDelegate.swift */,
				04BD91C11C202AC30082EF87 /* ViewController.swift */,
				04BD91C31C202AC30082EF87 /* Main.storyboard */,
				0425F1AF1C367E5C00BE5866 /* Cells */,
				040F82571C205C4A00AFD3E2 /* NormalViewController.swift */,
				04BD91C61C202AC30082EF87 /* Assets.xcassets */,
				04BD91C81C202AC30082EF87 /* LaunchScreen.storyboard */,
				04BD91CB1C202AC30082EF87 /* Info.plist */,
			);
			path = TableViewFun;
			sourceTree = "<group>";
		};
/* End PBXGroup section */

/* Begin PBXNativeTarget section */
		04BD91BB1C202AC30082EF87 /* TableViewFun */ = {
			isa = PBXNativeTarget;
			buildConfigurationList = 04BD91CE1C202AC30082EF87 /* Build configuration list for PBXNativeTarget "TableViewFun" */;
			buildPhases = (
				04BD91B81C202AC30082EF87 /* Sources */,
				04BD91B91C202AC30082EF87 /* Frameworks */,
				04BD91BA1C202AC30082EF87 /* Resources */,
			);
			buildRules = (
			);
			dependencies = (
			);
			name = TableViewFun;
			productName = TableViewFun;
			productReference = 04BD91BC1C202AC30082EF87 /* TableViewFun.app */;
			productType = "com.apple.product-type.application";
		};
/* End PBXNativeTarget section */

/* Begin PBXProject section */
		04BD91B41C202AC30082EF87 /* Project object */ = {
			isa = PBXProject;
			attributes = {
				LastUpgradeCheck = 0700;
				ORGANIZATIONNAME = shiziwen;
				TargetAttributes = {
					04BD91BB1C202AC30082EF87 = {
						CreatedOnToolsVersion = 7.0;
					};
				};
			};
			buildConfigurationList = 04BD91B71C202AC30082EF87 /* Build configuration list for PBXProject "TableViewFun" */;
			compatibilityVersion = "Xcode 3.2";
			developmentRegion = English;
			hasScannedForEncodings = 0;
			knownRegions = (
				en,
				Base,
			);
			mainGroup = 04BD91B31C202AC30082EF87;
			productRefGroup = 04BD91BD1C202AC30082EF87 /* Products */;
			projectDirPath = "";
			projectRoot = "";
			targets = (
				04BD91BB1C202AC30082EF87 /* TableViewFun */,
			);
		};
/* End PBXProject section */

/* Begin PBXResourcesBuildPhase section */
		04BD91BA1C202AC30082EF87 /* Resources */ = {
			isa = PBXResourcesBuildPhase;
			buildActionMask = 2147483647;
			files = (
				04BD91CA1C202AC30082EF87 /* LaunchScreen.storyboard in Resources */,
				04BD91C71C202AC30082EF87 /* Assets.xcassets in Resources */,
				04BD91C51C202AC30082EF87 /* Main.storyboard in Resources */,
			);
			runOnlyForDeploymentPostprocessing = 0;
		};
/* End PBXResourcesBuildPhase section */

/* Begin PBXSourcesBuildPhase section */
		04BD91B81C202AC30082EF87 /* Sources */ = {
			isa = PBXSourcesBuildPhase;
			buildActionMask = 2147483647;
			files = (
				04BD91C21C202AC30082EF87 /* ViewController.swift in Sources */,
				040F82581C205C4A00AFD3E2 /* NormalViewController.swift in Sources */,
				04BD91C01C202AC30082EF87 /* AppDelegate.swift in Sources */,
				0425F1AE1C367E4700BE5866 /* PostCell.swift in Sources */,
			);
			runOnlyForDeploymentPostprocessing = 0;
		};
/* End PBXSourcesBuildPhase section */

/* Begin PBXVariantGroup section */
		04BD91C31C202AC30082EF87 /* Main.storyboard */ = {
			isa = PBXVariantGroup;
			children = (
				04BD91C41C202AC30082EF87 /* Base */,
			);
			name = Main.storyboard;
			sourceTree = "<group>";
		};
		04BD91C81C202AC30082EF87 /* LaunchScreen.storyboard */ = {
			isa = PBXVariantGroup;
			children = (
				04BD91C91C202AC30082EF87 /* Base */,
			);
			name = LaunchScreen.storyboard;
			sourceTree = "<group>";
		};
/* End PBXVariantGroup section */

/* Begin XCBuildConfiguration section */
		04BD91CC1C202AC30082EF87 /* Debug */ = {
			isa = XCBuildConfiguration;
			buildSettings = {
				ALWAYS_SEARCH_USER_PATHS = NO;
				CLANG_CXX_LANGUAGE_STANDARD = "gnu++0x";
				CLANG_CXX_LIBRARY = "libc++";
				CLANG_ENABLE_MODULES = YES;
				CLANG_ENABLE_OBJC_ARC = YES;
				CLANG_WARN_BOOL_CONVERSION = YES;
				CLANG_WARN_CONSTANT_CONVERSION = YES;
				CLANG_WARN_DIRECT_OBJC_ISA_USAGE = YES_ERROR;
				CLANG_WARN_EMPTY_BODY = YES;
				CLANG_WARN_ENUM_CONVERSION = YES;
				CLANG_WARN_INT_CONVERSION = YES;
				CLANG_WARN_OBJC_ROOT_CLASS = YES_ERROR;
				CLANG_WARN_UNREACHABLE_CODE = YES;
				CLANG_WARN__DUPLICATE_METHOD_MATCH = YES;
				"CODE_SIGN_IDENTITY[sdk=iphoneos*]" = "iPhone Developer";
				COPY_PHASE_STRIP = NO;
				DEBUG_INFORMATION_FORMAT = dwarf;
				ENABLE_STRICT_OBJC_MSGSEND = YES;
				ENABLE_TESTABILITY = YES;
				GCC_C_LANGUAGE_STANDARD = gnu99;
				GCC_DYNAMIC_NO_PIC = NO;
				GCC_NO_COMMON_BLOCKS = YES;
				GCC_OPTIMIZATION_LEVEL = 0;
				GCC_PREPROCESSOR_DEFINITIONS = (
					"DEBUG=1",
					"$(inherited)",
				);
				GCC_WARN_64_TO_32_BIT_CONVERSION = YES;
				GCC_WARN_ABOUT_RETURN_TYPE = YES_ERROR;
				GCC_WARN_UNDECLARED_SELECTOR = YES;
				GCC_WARN_UNINITIALIZED_AUTOS = YES_AGGRESSIVE;
				GCC_WARN_UNUSED_FUNCTION = YES;
				GCC_WARN_UNUSED_VARIABLE = YES;
				IPHONEOS_DEPLOYMENT_TARGET = 9.0;
				MTL_ENABLE_DEBUG_INFO = YES;
				ONLY_ACTIVE_ARCH = YES;
				SDKROOT = iphoneos;
				SWIFT_OPTIMIZATION_LEVEL = "-Onone";
			};
			name = Debug;
		};
		04BD91CD1C202AC30082EF87 /* Release */ = {
			isa = XCBuildConfiguration;
			buildSettings = {
				ALWAYS_SEARCH_USER_PATHS = NO;
				CLANG_CXX_LANGUAGE_STANDARD = "gnu++0x";
				CLANG_CXX_LIBRARY = "libc++";
				CLANG_ENABLE_MODULES = YES;
				CLANG_ENABLE_OBJC_ARC = YES;
				CLANG_WARN_BOOL_CONVERSION = YES;
				CLANG_WARN_CONSTANT_CONVERSION = YES;
				CLANG_WARN_DIRECT_OBJC_ISA_USAGE = YES_ERROR;
				CLANG_WARN_EMPTY_BODY = YES;
				CLANG_WARN_ENUM_CONVERSION = YES;
				CLANG_WARN_INT_CONVERSION = YES;
				CLANG_WARN_OBJC_ROOT_CLASS = YES_ERROR;
				CLANG_WARN_UNREACHABLE_CODE = YES;
				CLANG_WARN__DUPLICATE_METHOD_MATCH = YES;
				"CODE_SIGN_IDENTITY[sdk=iphoneos*]" = "iPhone Developer";
				COPY_PHASE_STRIP = NO;
				DEBUG_INFORMATION_FORMAT = "dwarf-with-dsym";
				ENABLE_NS_ASSERTIONS = NO;
				ENABLE_STRICT_OBJC_MSGSEND = YES;
				GCC_C_LANGUAGE_STANDARD = gnu99;
				GCC_NO_COMMON_BLOCKS = YES;
				GCC_WARN_64_TO_32_BIT_CONVERSION = YES;
				GCC_WARN_ABOUT_RETURN_TYPE = YES_ERROR;
				GCC_WARN_UNDECLARED_SELECTOR = YES;
				GCC_WARN_UNINITIALIZED_AUTOS = YES_AGGRESSIVE;
				GCC_WARN_UNUSED_FUNCTION = YES;
				GCC_WARN_UNUSED_VARIABLE = YES;
				IPHONEOS_DEPLOYMENT_TARGET = 9.0;
				MTL_ENABLE_DEBUG_INFO = NO;
				SDKROOT = iphoneos;
				VALIDATE_PRODUCT = YES;
			};
			name = Release;
		};
		04BD91CF1C202AC30082EF87 /* Debug */ = {
			isa = XCBuildConfiguration;
			buildSettings = {
				ASSETCATALOG_COMPILER_APPICON_NAME = AppIcon;
				INFOPLIST_FILE = TableViewFun/Info.plist;
				LD_RUNPATH_SEARCH_PATHS = "$(inherited) @executable_path/Frameworks";
				PRODUCT_BUNDLE_IDENTIFIER = test.shiziwen.TableViewFun;
				PRODUCT_NAME = "$(TARGET_NAME)";
			};
			name = Debug;
		};
		04BD91D01C202AC30082EF87 /* Release */ = {
			isa = XCBuildConfiguration;
			buildSettings = {
				ASSETCATALOG_COMPILER_APPICON_NAME = AppIcon;
				INFOPLIST_FILE = TableViewFun/Info.plist;
				LD_RUNPATH_SEARCH_PATHS = "$(inherited) @executable_path/Frameworks";
				PRODUCT_BUNDLE_IDENTIFIER = test.shiziwen.TableViewFun;
				PRODUCT_NAME = "$(TARGET_NAME)";
			};
			name = Release;
		};
/* End XCBuildConfiguration section */

/* Begin XCConfigurationList section */
		04BD91B71C202AC30082EF87 /* Build configuration list for PBXProject "TableViewFun" */ = {
			isa = XCConfigurationList;
			buildConfigurations = (
				04BD91CC1C202AC30082EF87 /* Debug */,
				04BD91CD1C202AC30082EF87 /* Release */,
			);
			defaultConfigurationIsVisible = 0;
			defaultConfigurationName = Release;
		};
		04BD91CE1C202AC30082EF87 /* Build configuration list for PBXNativeTarget "TableViewFun" */ = {
			isa = XCConfigurationList;
			buildConfigurations = (
				04BD91CF1C202AC30082EF87 /* Debug */,
				04BD91D01C202AC30082EF87 /* Release */,
			);
			defaultConfigurationIsVisible = 0;
			defaultConfigurationName = Release;
		};
/* End XCConfigurationList section */
	};
	rootObject = 04BD91B41C202AC30082EF87 /* Project object */;
}
